
Microsoft Visual Studio Solution File, Format Version 12.00
# Visual Studio Version 16
VisualStudioVersion = 25.0.1706.4
MinimumVisualStudioVersion = 10.0.40219.1
Project("{FAE04EC0-301F-11D3-BF4B-00C04F79EFBC}") = "Week9Lists", "Week9Lists\Week9Lists.csproj", "{EB29014B-45BD-41A6-936F-110816111D4B}"
EndProject
Global
	GlobalSection(SolutionConfigurationPlatforms) = preSolution
		Debug|Any CPU = Debug|Any CPU
		Release|Any CPU = Release|Any CPU
	EndGlobalSection
	GlobalSection(ProjectConfigurationPlatforms) = postSolution
		{EB29014B-45BD-41A6-936F-110816111D4B}.Debug|Any CPU.ActiveCfg = Debug|Any CPU
		{EB29014B-45BD-41A6-936F-110816111D4B}.Debug|Any CPU.Build.0 = Debug|Any CPU
		{EB29014B-45BD-41A6-936F-110816111D4B}.Release|Any CPU.ActiveCfg = Release|Any CPU
		{EB29014B-45BD-41A6-936F-110816111D4B}.Release|Any CPU.Build.0 = Release|Any CPU
	EndGlobalSection
	GlobalSection(SolutionProperties) = preSolution
		HideSolutionNode = FALSE
	EndGlobalSection
	GlobalSection(ExtensibilityGlobals) = postSolution
		SolutionGuid = {FF8932DC-AB56-493E-A375-AE1B37EEE05D}
	EndGlobalSection
EndGlobal
